
Microsoft Visual Studio Solution File, Format Version 12.00
# Visual Studio 15
VisualStudioVersion = 15.0.25807.0
MinimumVisualStudioVersion = 10.0.40219.1
Project("{2150E333-8FDC-42A3-9474-1A3956D46DE8}") = "Engine", "Engine", "{2DF9D4D8-2110-45F3-B40F-DA658E6E9375}"
EndProject
Project("{2150E333-8FDC-42A3-9474-1A3956D46DE8}") = "Games", "Games", "{D66464A7-20B4-4434-AFF0-103720474CC3}"
EndProject
Project("{8BC9CEB8-8B4A-11D0-8D11-00A0C91BC942}") = "UE4", "Intermediate\ProjectFiles\UE4.vcxproj", "{BD625FD4-7957-4365-83F4-DAC0C64C2B13}"
EndProject
Project("{8BC9CEB8-8B4A-11D0-8D11-00A0C91BC942}") = "BuildingEscape", "Intermediate\ProjectFiles\BuildingEscape.vcxproj", "{44732493-A018-4301-B90A-9E7787883349}"
EndProject
Global
	GlobalSection(SolutionConfigurationPlatforms) = preSolution
		DebugGame Editor|HTML5 = DebugGame Editor|HTML5
		DebugGame Editor|IOS = DebugGame Editor|IOS
		DebugGame Editor|Win32 = DebugGame Editor|Win32
		DebugGame Editor|Win64 = DebugGame Editor|Win64
		DebugGame|HTML5 = DebugGame|HTML5
		DebugGame|IOS = DebugGame|IOS
		DebugGame|Win32 = DebugGame|Win32
		DebugGame|Win64 = DebugGame|Win64
		Development Editor|HTML5 = Development Editor|HTML5
		Development Editor|IOS = Development Editor|IOS
		Development Editor|Win32 = Development Editor|Win32
		Development Editor|Win64 = Development Editor|Win64
		Development|HTML5 = Development|HTML5
		Development|IOS = Development|IOS
		Development|Win32 = Development|Win32
		Development|Win64 = Development|Win64
		Shipping|HTML5 = Shipping|HTML5
		Shipping|IOS = Shipping|IOS
		Shipping|Win32 = Shipping|Win32
		Shipping|Win64 = Shipping|Win64
	EndGlobalSection
	GlobalSection(ProjectConfigurationPlatforms) = postSolution
		{BD625FD4-7957-4365-83F4-DAC0C64C2B13}.DebugGame Editor|HTML5.ActiveCfg = BuiltWithUnrealBuildTool|Win32
		{BD625FD4-7957-4365-83F4-DAC0C64C2B13}.DebugGame Editor|HTML5.Build.0 = BuiltWithUnrealBuildTool|Win32
		{BD625FD4-7957-4365-83F4-DAC0C64C2B13}.DebugGame Editor|IOS.ActiveCfg = BuiltWithUnrealBuildTool|Win32
		{BD625FD4-7957-4365-83F4-DAC0C64C2B13}.DebugGame Editor|IOS.Build.0 = BuiltWithUnrealBuildTool|Win32
		{BD625FD4-7957-4365-83F4-DAC0C64C2B13}.DebugGame Editor|Win32.ActiveCfg = BuiltWithUnrealBuildTool|Win32
		{BD625FD4-7957-4365-83F4-DAC0C64C2B13}.DebugGame Editor|Win32.Build.0 = BuiltWithUnrealBuildTool|Win32
		{BD625FD4-7957-4365-83F4-DAC0C64C2B13}.DebugGame Editor|Win64.ActiveCfg = BuiltWithUnrealBuildTool|Win32
		{BD625FD4-7957-4365-83F4-DAC0C64C2B13}.DebugGame Editor|Win64.Build.0 = BuiltWithUnrealBuildTool|Win32
		{BD625FD4-7957-4365-83F4-DAC0C64C2B13}.DebugGame|HTML5.ActiveCfg = BuiltWithUnrealBuildTool|Win32
		{BD625FD4-7957-4365-83F4-DAC0C64C2B13}.DebugGame|HTML5.Build.0 = BuiltWithUnrealBuildTool|Win32
		{BD625FD4-7957-4365-83F4-DAC0C64C2B13}.DebugGame|IOS.ActiveCfg = BuiltWithUnrealBuildTool|Win32
		{BD625FD4-7957-4365-83F4-DAC0C64C2B13}.DebugGame|IOS.Build.0 = BuiltWithUnrealBuildTool|Win32
		{BD625FD4-7957-4365-83F4-DAC0C64C2B13}.DebugGame|Win32.ActiveCfg = BuiltWithUnrealBuildTool|Win32
		{BD625FD4-7957-4365-83F4-DAC0C64C2B13}.DebugGame|Win32.Build.0 = BuiltWithUnrealBuildTool|Win32
		{BD625FD4-7957-4365-83F4-DAC0C64C2B13}.DebugGame|Win64.ActiveCfg = BuiltWithUnrealBuildTool|Win32
		{BD625FD4-7957-4365-83F4-DAC0C64C2B13}.DebugGame|Win64.Build.0 = BuiltWithUnrealBuildTool|Win32
		{BD625FD4-7957-4365-83F4-DAC0C64C2B13}.Development Editor|HTML5.ActiveCfg = BuiltWithUnrealBuildTool|Win32
		{BD625FD4-7957-4365-83F4-DAC0C64C2B13}.Development Editor|HTML5.Build.0 = BuiltWithUnrealBuildTool|Win32
		{BD625FD4-7957-4365-83F4-DAC0C64C2B13}.Development Editor|IOS.ActiveCfg = BuiltWithUnrealBuildTool|Win32
		{BD625FD4-7957-4365-83F4-DAC0C64C2B13}.Development Editor|IOS.Build.0 = BuiltWithUnrealBuildTool|Win32
		{BD625FD4-7957-4365-83F4-DAC0C64C2B13}.Development Editor|Win32.ActiveCfg = BuiltWithUnrealBuildTool|Win32
		{BD625FD4-7957-4365-83F4-DAC0C64C2B13}.Development Editor|Win32.Build.0 = BuiltWithUnrealBuildTool|Win32
		{BD625FD4-7957-4365-83F4-DAC0C64C2B13}.Development Editor|Win64.ActiveCfg = BuiltWithUnrealBuildTool|Win32
		{BD625FD4-7957-4365-83F4-DAC0C64C2B13}.Development Editor|Win64.Build.0 = BuiltWithUnrealBuildTool|Win32
		{BD625FD4-7957-4365-83F4-DAC0C64C2B13}.Development|HTML5.ActiveCfg = BuiltWithUnrealBuildTool|Win32
		{BD625FD4-7957-4365-83F4-DAC0C64C2B13}.Development|HTML5.Build.0 = BuiltWithUnrealBuildTool|Win32
		{BD625FD4-7957-4365-83F4-DAC0C64C2B13}.Development|IOS.ActiveCfg = BuiltWithUnrealBuildTool|Win32
		{BD625FD4-7957-4365-83F4-DAC0C64C2B13}.Development|IOS.Build.0 = BuiltWithUnrealBuildTool|Win32
		{BD625FD4-7957-4365-83F4-DAC0C64C2B13}.Development|Win32.ActiveCfg = BuiltWithUnrealBuildTool|Win32
		{BD625FD4-7957-4365-83F4-DAC0C64C2B13}.Development|Win32.Build.0 = BuiltWithUnrealBuildTool|Win32
		{BD625FD4-7957-4365-83F4-DAC0C64C2B13}.Development|Win64.ActiveCfg = BuiltWithUnrealBuildTool|Win32
		{BD625FD4-7957-4365-83F4-DAC0C64C2B13}.Development|Win64.Build.0 = BuiltWithUnrealBuildTool|Win32
		{BD625FD4-7957-4365-83F4-DAC0C64C2B13}.Shipping|HTML5.ActiveCfg = BuiltWithUnrealBuildTool|Win32
		{BD625FD4-7957-4365-83F4-DAC0C64C2B13}.Shipping|HTML5.Build.0 = BuiltWithUnrealBuildTool|Win32
		{BD625FD4-7957-4365-83F4-DAC0C64C2B13}.Shipping|IOS.ActiveCfg = BuiltWithUnrealBuildTool|Win32
		{BD625FD4-7957-4365-83F4-DAC0C64C2B13}.Shipping|IOS.Build.0 = BuiltWithUnrealBuildTool|Win32
		{BD625FD4-7957-4365-83F4-DAC0C64C2B13}.Shipping|Win32.ActiveCfg = BuiltWithUnrealBuildTool|Win32
		{BD625FD4-7957-4365-83F4-DAC0C64C2B13}.Shipping|Win32.Build.0 = BuiltWithUnrealBuildTool|Win32
		{BD625FD4-7957-4365-83F4-DAC0C64C2B13}.Shipping|Win64.ActiveCfg = BuiltWithUnrealBuildTool|Win32
		{BD625FD4-7957-4365-83F4-DAC0C64C2B13}.Shipping|Win64.Build.0 = BuiltWithUnrealBuildTool|Win32
		{44732493-A018-4301-B90A-9E7787883349}.DebugGame Editor|HTML5.ActiveCfg = HTML5_DebugGame_Editor|Win32
		{44732493-A018-4301-B90A-9E7787883349}.DebugGame Editor|IOS.ActiveCfg = IOS_DebugGame_Editor|Win32
		{44732493-A018-4301-B90A-9E7787883349}.DebugGame Editor|Win32.ActiveCfg = DebugGame_Editor|Win32
		{44732493-A018-4301-B90A-9E7787883349}.DebugGame Editor|Win64.ActiveCfg = DebugGame_Editor|x64
		{44732493-A018-4301-B90A-9E7787883349}.DebugGame Editor|Win64.Build.0 = DebugGame_Editor|x64
		{44732493-A018-4301-B90A-9E7787883349}.DebugGame|HTML5.ActiveCfg = HTML5_DebugGame_Game|Win32
		{44732493-A018-4301-B90A-9E7787883349}.DebugGame|HTML5.Build.0 = HTML5_DebugGame_Game|Win32
		{44732493-A018-4301-B90A-9E7787883349}.DebugGame|IOS.ActiveCfg = IOS_DebugGame_Game|Win32
		{44732493-A018-4301-B90A-9E7787883349}.DebugGame|IOS.Build.0 = IOS_DebugGame_Game|Win32
		{44732493-A018-4301-B90A-9E7787883349}.DebugGame|Win32.ActiveCfg = DebugGame_Game|Win32
		{44732493-A018-4301-B90A-9E7787883349}.DebugGame|Win32.Build.0 = DebugGame_Game|Win32
		{44732493-A018-4301-B90A-9E7787883349}.DebugGame|Win64.ActiveCfg = DebugGame_Game|x64
		{44732493-A018-4301-B90A-9E7787883349}.DebugGame|Win64.Build.0 = DebugGame_Game|x64
		{44732493-A018-4301-B90A-9E7787883349}.Development Editor|HTML5.ActiveCfg = HTML5_Development_Editor|Win32
		{44732493-A018-4301-B90A-9E7787883349}.Development Editor|IOS.ActiveCfg = IOS_Development_Editor|Win32
		{44732493-A018-4301-B90A-9E7787883349}.Development Editor|Win32.ActiveCfg = Development_Editor|Win32
		{44732493-A018-4301-B90A-9E7787883349}.Development Editor|Win64.ActiveCfg = Development_Editor|x64
		{44732493-A018-4301-B90A-9E7787883349}.Development Editor|Win64.Build.0 = Development_Editor|x64
		{44732493-A018-4301-B90A-9E7787883349}.Development|HTML5.ActiveCfg = HTML5_Development_Game|Win32
		{44732493-A018-4301-B90A-9E7787883349}.Development|HTML5.Build.0 = HTML5_Development_Game|Win32
		{44732493-A018-4301-B90A-9E7787883349}.Development|IOS.ActiveCfg = IOS_Development_Game|Win32
		{44732493-A018-4301-B90A-9E7787883349}.Development|IOS.Build.0 = IOS_Development_Game|Win32
		{44732493-A018-4301-B90A-9E7787883349}.Development|Win32.ActiveCfg = Development_Game|Win32
		{44732493-A018-4301-B90A-9E7787883349}.Development|Win32.Build.0 = Development_Game|Win32
		{44732493-A018-4301-B90A-9E7787883349}.Development|Win64.ActiveCfg = Development_Game|x64
		{44732493-A018-4301-B90A-9E7787883349}.Development|Win64.Build.0 = Development_Game|x64
		{44732493-A018-4301-B90A-9E7787883349}.Shipping|HTML5.ActiveCfg = HTML5_Shipping_Game|Win32
		{44732493-A018-4301-B90A-9E7787883349}.Shipping|HTML5.Build.0 = HTML5_Shipping_Game|Win32
		{44732493-A018-4301-B90A-9E7787883349}.Shipping|IOS.ActiveCfg = IOS_Shipping_Game|Win32
		{44732493-A018-4301-B90A-9E7787883349}.Shipping|IOS.Build.0 = IOS_Shipping_Game|Win32
		{44732493-A018-4301-B90A-9E7787883349}.Shipping|Win32.ActiveCfg = Shipping_Game|Win32
		{44732493-A018-4301-B90A-9E7787883349}.Shipping|Win32.Build.0 = Shipping_Game|Win32
		{44732493-A018-4301-B90A-9E7787883349}.Shipping|Win64.ActiveCfg = Shipping_Game|x64
		{44732493-A018-4301-B90A-9E7787883349}.Shipping|Win64.Build.0 = Shipping_Game|x64
	EndGlobalSection
	GlobalSection(SolutionProperties) = preSolution
		HideSolutionNode = FALSE
	EndGlobalSection
	GlobalSection(NestedProjects) = preSolution
		{BD625FD4-7957-4365-83F4-DAC0C64C2B13} = {2DF9D4D8-2110-45F3-B40F-DA658E6E9375}
		{44732493-A018-4301-B90A-9E7787883349} = {D66464A7-20B4-4434-AFF0-103720474CC3}
	EndGlobalSection
	GlobalSection(ExtensibilityGlobals) = postSolution
		SolutionGuid = {E85DB2C7-634A-42E7-B4BB-39C1553C2BD8}
	EndGlobalSection
EndGlobal
